
Microsoft Visual Studio Solution File, Format Version 12.00
# Visual Studio Version 17
VisualStudioVersion = 17.0.31903.59
MinimumVisualStudioVersion = 10.0.40219.1
Project("{FAE04EC0-301F-11D3-BF4B-00C04F79EFBC}") = "PgClient", "PgClient\PgClient.csproj", "{1326BA90-4FFF-4AE8-A08E-0DBA338C590A}"
EndProject
Project("{2150E333-8FDC-42A3-9474-1A3956D46DE8}") = "tests", "tests", "{0AB3BF05-4346-4AA6-1389-037BE0695223}"
EndProject
Project("{FAE04EC0-301F-11D3-BF4B-00C04F79EFBC}") = "PgClient.Tests", "tests\PgClient.Tests\PgClient.Tests.csproj", "{D93E8B5A-C03A-474E-8FB0-42E56639FF69}"
EndProject
Project("{FAE04EC0-301F-11D3-BF4B-00C04F79EFBC}") = "PgClient.Sample", "samples\PgClient.Sample\PgClient.Sample.csproj", "{C536F9C9-EEF4-49A0-936F-1A36D95BF7F6}"
EndProject
Project("{FAE04EC0-301F-11D3-BF4B-00C04F79EFBC}") = "PgClient.Benchmarks", "benchmarks\PgClient.Benchmarks\PgClient.Benchmarks.csproj", "{80825FDE-1F3F-4428-9548-A2CD1B360435}"
EndProject
Global
	GlobalSection(SolutionConfigurationPlatforms) = preSolution
		Debug|Any CPU = Debug|Any CPU
		Debug|x64 = Debug|x64
		Debug|x86 = Debug|x86
		Release|Any CPU = Release|Any CPU
		Release|x64 = Release|x64
		Release|x86 = Release|x86
	EndGlobalSection
	GlobalSection(ProjectConfigurationPlatforms) = postSolution
		{1326BA90-4FFF-4AE8-A08E-0DBA338C590A}.Debug|Any CPU.ActiveCfg = Debug|Any CPU
		{1326BA90-4FFF-4AE8-A08E-0DBA338C590A}.Debug|Any CPU.Build.0 = Debug|Any CPU
		{1326BA90-4FFF-4AE8-A08E-0DBA338C590A}.Debug|x64.ActiveCfg = Debug|Any CPU
		{1326BA90-4FFF-4AE8-A08E-0DBA338C590A}.Debug|x64.Build.0 = Debug|Any CPU
		{1326BA90-4FFF-4AE8-A08E-0DBA338C590A}.Debug|x86.ActiveCfg = Debug|Any CPU
		{1326BA90-4FFF-4AE8-A08E-0DBA338C590A}.Debug|x86.Build.0 = Debug|Any CPU
		{1326BA90-4FFF-4AE8-A08E-0DBA338C590A}.Release|Any CPU.ActiveCfg = Release|Any CPU
		{1326BA90-4FFF-4AE8-A08E-0DBA338C590A}.Release|Any CPU.Build.0 = Release|Any CPU
		{1326BA90-4FFF-4AE8-A08E-0DBA338C590A}.Release|x64.ActiveCfg = Release|Any CPU
		{1326BA90-4FFF-4AE8-A08E-0DBA338C590A}.Release|x64.Build.0 = Release|Any CPU
		{1326BA90-4FFF-4AE8-A08E-0DBA338C590A}.Release|x86.ActiveCfg = Release|Any CPU
		{1326BA90-4FFF-4AE8-A08E-0DBA338C590A}.Release|x86.Build.0 = Release|Any CPU
		{D93E8B5A-C03A-474E-8FB0-42E56639FF69}.Debug|Any CPU.ActiveCfg = Debug|Any CPU
		{D93E8B5A-C03A-474E-8FB0-42E56639FF69}.Debug|Any CPU.Build.0 = Debug|Any CPU
		{D93E8B5A-C03A-474E-8FB0-42E56639FF69}.Debug|x64.ActiveCfg = Debug|Any CPU
		{D93E8B5A-C03A-474E-8FB0-42E56639FF69}.Debug|x64.Build.0 = Debug|Any CPU
		{D93E8B5A-C03A-474E-8FB0-42E56639FF69}.Debug|x86.ActiveCfg = Debug|Any CPU
		{D93E8B5A-C03A-474E-8FB0-42E56639FF69}.Debug|x86.Build.0 = Debug|Any CPU
		{D93E8B5A-C03A-474E-8FB0-42E56639FF69}.Release|Any CPU.ActiveCfg = Release|Any CPU
		{D93E8B5A-C03A-474E-8FB0-42E56639FF69}.Release|Any CPU.Build.0 = Release|Any CPU
		{D93E8B5A-C03A-474E-8FB0-42E56639FF69}.Release|x64.ActiveCfg = Release|Any CPU
		{D93E8B5A-C03A-474E-8FB0-42E56639FF69}.Release|x64.Build.0 = Release|Any CPU
		{D93E8B5A-C03A-474E-8FB0-42E56639FF69}.Release|x86.ActiveCfg = Release|Any CPU
		{D93E8B5A-C03A-474E-8FB0-42E56639FF69}.Release|x86.Build.0 = Release|Any CPU
		{C536F9C9-EEF4-49A0-936F-1A36D95BF7F6}.Debug|Any CPU.ActiveCfg = Debug|Any CPU
		{C536F9C9-EEF4-49A0-936F-1A36D95BF7F6}.Debug|Any CPU.Build.0 = Debug|Any CPU
		{C536F9C9-EEF4-49A0-936F-1A36D95BF7F6}.Debug|x64.ActiveCfg = Debug|Any CPU
		{C536F9C9-EEF4-49A0-936F-1A36D95BF7F6}.Debug|x64.Build.0 = Debug|Any CPU
		{C536F9C9-EEF4-49A0-936F-1A36D95BF7F6}.Debug|x86.ActiveCfg = Debug|Any CPU
		{C536F9C9-EEF4-49A0-936F-1A36D95BF7F6}.Debug|x86.Build.0 = Debug|Any CPU
		{C536F9C9-EEF4-49A0-936F-1A36D95BF7F6}.Release|Any CPU.ActiveCfg = Release|Any CPU
		{C536F9C9-EEF4-49A0-936F-1A36D95BF7F6}.Release|Any CPU.Build.0 = Release|Any CPU
		{C536F9C9-EEF4-49A0-936F-1A36D95BF7F6}.Release|x64.ActiveCfg = Release|Any CPU
		{C536F9C9-EEF4-49A0-936F-1A36D95BF7F6}.Release|x64.Build.0 = Release|Any CPU
		{C536F9C9-EEF4-49A0-936F-1A36D95BF7F6}.Release|x86.ActiveCfg = Release|Any CPU
		{C536F9C9-EEF4-49A0-936F-1A36D95BF7F6}.Release|x86.Build.0 = Release|Any CPU
		{80825FDE-1F3F-4428-9548-A2CD1B360435}.Debug|Any CPU.ActiveCfg = Debug|Any CPU
		{80825FDE-1F3F-4428-9548-A2CD1B360435}.Debug|Any CPU.Build.0 = Debug|Any CPU
		{80825FDE-1F3F-4428-9548-A2CD1B360435}.Debug|x64.ActiveCfg = Debug|Any CPU
		{80825FDE-1F3F-4428-9548-A2CD1B360435}.Debug|x64.Build.0 = Debug|Any CPU
		{80825FDE-1F3F-4428-9548-A2CD1B360435}.Debug|x86.ActiveCfg = Debug|Any CPU
		{80825FDE-1F3F-4428-9548-A2CD1B360435}.Debug|x86.Build.0 = Debug|Any CPU
		{80825FDE-1F3F-4428-9548-A2CD1B360435}.Release|Any CPU.ActiveCfg = Release|Any CPU
		{80825FDE-1F3F-4428-9548-A2CD1B360435}.Release|Any CPU.Build.0 = Release|Any CPU
		{80825FDE-1F3F-4428-9548-A2CD1B360435}.Release|x64.ActiveCfg = Release|Any CPU
		{80825FDE-1F3F-4428-9548-A2CD1B360435}.Release|x64.Build.0 = Release|Any CPU
		{80825FDE-1F3F-4428-9548-A2CD1B360435}.Release|x86.ActiveCfg = Release|Any CPU
		{80825FDE-1F3F-4428-9548-A2CD1B360435}.Release|x86.Build.0 = Release|Any CPU
	EndGlobalSection
	GlobalSection(SolutionProperties) = preSolution
		HideSolutionNode = FALSE
	EndGlobalSection
	GlobalSection(NestedProjects) = preSolution
		{D93E8B5A-C03A-474E-8FB0-42E56639FF69} = {0AB3BF05-4346-4AA6-1389-037BE0695223}
		{C536F9C9-EEF4-49A0-936F-1A36D95BF7F6} = {0AB3BF05-4346-4AA6-1389-037BE0695223}
		{80825FDE-1F3F-4428-9548-A2CD1B360435} = {0AB3BF05-4346-4AA6-1389-037BE0695223}
	EndGlobalSection
EndGlobal
